
Microsoft Visual Studio Solution File, Format Version 12.00
# Visual Studio Version 17
VisualStudioVersion = 17.0.31903.59
MinimumVisualStudioVersion = 10.0.40219.1
Project("{FAE04EC0-301F-11D3-BF4B-00C04F79EFBC}") = "BotwRstb", "BotwRstb\BotwRstb.csproj", "{F533E572-509E-40BD-9F2A-6C7188F2C5B1}"
EndProject
Project("{FAE04EC0-301F-11D3-BF4B-00C04F79EFBC}") = "BotwRstb.Generator", "BotwRstb.Generator\BotwRstb.Generator.csproj", "{37D5A1D3-49C1-4130-8036-BB3FD51E2FA8}"
EndProject
Global
	GlobalSection(SolutionConfigurationPlatforms) = preSolution
		Debug|Any CPU = Debug|Any CPU
		Release|Any CPU = Release|Any CPU
	EndGlobalSection
	GlobalSection(SolutionProperties) = preSolution
		HideSolutionNode = FALSE
	EndGlobalSection
	GlobalSection(ProjectConfigurationPlatforms) = postSolution
		{F533E572-509E-40BD-9F2A-6C7188F2C5B1}.Debug|Any CPU.ActiveCfg = Debug|Any CPU
		{F533E572-509E-40BD-9F2A-6C7188F2C5B1}.Debug|Any CPU.Build.0 = Debug|Any CPU
		{F533E572-509E-40BD-9F2A-6C7188F2C5B1}.Release|Any CPU.ActiveCfg = Release|Any CPU
		{F533E572-509E-40BD-9F2A-6C7188F2C5B1}.Release|Any CPU.Build.0 = Release|Any CPU
		{37D5A1D3-49C1-4130-8036-BB3FD51E2FA8}.Debug|Any CPU.ActiveCfg = Debug|Any CPU
		{37D5A1D3-49C1-4130-8036-BB3FD51E2FA8}.Debug|Any CPU.Build.0 = Debug|Any CPU
		{37D5A1D3-49C1-4130-8036-BB3FD51E2FA8}.Release|Any CPU.ActiveCfg = Release|Any CPU
		{37D5A1D3-49C1-4130-8036-BB3FD51E2FA8}.Release|Any CPU.Build.0 = Release|Any CPU
	EndGlobalSection
EndGlobal
